
Microsoft Visual Studio Solution File, Format Version 12.00
# Visual Studio Version 17
VisualStudioVersion = 17.3.32929.385
MinimumVisualStudioVersion = 10.0.40219.1
Project("{FAE04EC0-301F-11D3-BF4B-00C04F79EFBC}") = "Classes_Banco", "Classes_Banco\Classes_Banco.csproj", "{2FDEB723-975F-485B-AC91-DEB5772ECB2C}"
EndProject
Global
	GlobalSection(SolutionConfigurationPlatforms) = preSolution
		Debug|Any CPU = Debug|Any CPU
		Release|Any CPU = Release|Any CPU
	EndGlobalSection
	GlobalSection(ProjectConfigurationPlatforms) = postSolution
		{2FDEB723-975F-485B-AC91-DEB5772ECB2C}.Debug|Any CPU.ActiveCfg = Debug|Any CPU
		{2FDEB723-975F-485B-AC91-DEB5772ECB2C}.Debug|Any CPU.Build.0 = Debug|Any CPU
		{2FDEB723-975F-485B-AC91-DEB5772ECB2C}.Release|Any CPU.ActiveCfg = Release|Any CPU
		{2FDEB723-975F-485B-AC91-DEB5772ECB2C}.Release|Any CPU.Build.0 = Release|Any CPU
	EndGlobalSection
	GlobalSection(SolutionProperties) = preSolution
		HideSolutionNode = FALSE
	EndGlobalSection
	GlobalSection(ExtensibilityGlobals) = postSolution
		SolutionGuid = {1B420D7A-8C30-40C3-B330-8F6DA371F134}
	EndGlobalSection
EndGlobal
